// !$*UTF8*$!
{
	archiveVersion = 1;
	classes = {
	};
	objectVersion = 56;
	objects = {

/* Begin PBXBuildFile section */
		F8348D3D292530EE00AD633B /* FMDatabaseAdditions.m in Sources */ = {isa = PBXBuildFile; fileRef = F8348D32292530ED00AD633B /* FMDatabaseAdditions.m */; };
		F8348D3E292530EE00AD633B /* FMDatabase.m in Sources */ = {isa = PBXBuildFile; fileRef = F8348D34292530EE00AD633B /* FMDatabase.m */; };
		F8348D3F292530EE00AD633B /* FMDatabaseQueue.m in Sources */ = {isa = PBXBuildFile; fileRef = F8348D38292530EE00AD633B /* FMDatabaseQueue.m */; };
		F8348D40292530EE00AD633B /* FMResultSet.m in Sources */ = {isa = PBXBuildFile; fileRef = F8348D3A292530EE00AD633B /* FMResultSet.m */; };
		F8348D41292530EE00AD633B /* FMDatabasePool.m in Sources */ = {isa = PBXBuildFile; fileRef = F8348D3B292530EE00AD633B /* FMDatabasePool.m */; };
		F8348D432925316E00AD633B /* car.db in Resources */ = {isa = PBXBuildFile; fileRef = F8348D422925316E00AD633B /* car.db */; };
		F8348D45292531AC00AD633B /* Utility.swift in Sources */ = {isa = PBXBuildFile; fileRef = F8348D44292531AC00AD633B /* Utility.swift */; };
		F8348D482925344800AD633B /* carDAL.swift in Sources */ = {isa = PBXBuildFile; fileRef = F8348D472925344800AD633B /* carDAL.swift */; };
		F84574BA29266F1A00E785E7 /* CarModelTableViewCell.swift in Sources */ = {isa = PBXBuildFile; fileRef = F84574B929266F1A00E785E7 /* CarModelTableViewCell.swift */; };
		F84574BE2926825200E785E7 /* AddCar.swift in Sources */ = {isa = PBXBuildFile; fileRef = F84574BD2926825200E785E7 /* AddCar.swift */; };
		F89CCF7F29234DA50080C024 /* Tablecell.swift in Sources */ = {isa = PBXBuildFile; fileRef = F89CCF7E29234DA50080C024 /* Tablecell.swift */; };
		F8ACB3C429249D56009C2D20 /* DetailsView.swift in Sources */ = {isa = PBXBuildFile; fileRef = F8ACB3C329249D56009C2D20 /* DetailsView.swift */; };
		F8ADDDCA291E01330066C518 /* SecondView.swift in Sources */ = {isa = PBXBuildFile; fileRef = F8ADDDC9291E01330066C518 /* SecondView.swift */; };
		F8ADDDCC291E2A220066C518 /* CalculaterView.swift in Sources */ = {isa = PBXBuildFile; fileRef = F8ADDDCB291E2A220066C518 /* CalculaterView.swift */; };
		F8ADDDCF291E38170066C518 /* Intererst.swift in Sources */ = {isa = PBXBuildFile; fileRef = F8ADDDCD291E372F0066C518 /* Intererst.swift */; };
		F8AECEAF29235CB70092E56F /* Car.swift in Sources */ = {isa = PBXBuildFile; fileRef = F8AECEAE29235CB70092E56F /* Car.swift */; };
		F8BFBD502921F50A0019CB99 /* Profileview.swift in Sources */ = {isa = PBXBuildFile; fileRef = F8BFBD4F2921F50A0019CB99 /* Profileview.swift */; };
		F8C6D0AB291CAB8B00C1CD63 /* AppDelegate.swift in Sources */ = {isa = PBXBuildFile; fileRef = F8C6D0AA291CAB8B00C1CD63 /* AppDelegate.swift */; };
		F8C6D0AD291CAB8B00C1CD63 /* SceneDelegate.swift in Sources */ = {isa = PBXBuildFile; fileRef = F8C6D0AC291CAB8B00C1CD63 /* SceneDelegate.swift */; };
		F8C6D0AF291CAB8B00C1CD63 /* ViewController.swift in Sources */ = {isa = PBXBuildFile; fileRef = F8C6D0AE291CAB8B00C1CD63 /* ViewController.swift */; };
		F8C6D0B2291CAB8B00C1CD63 /* Main.storyboard in Resources */ = {isa = PBXBuildFile; fileRef = F8C6D0B0291CAB8B00C1CD63 /* Main.storyboard */; };
		F8C6D0B4291CAB8D00C1CD63 /* Assets.xcassets in Resources */ = {isa = PBXBuildFile; fileRef = F8C6D0B3291CAB8D00C1CD63 /* Assets.xcassets */; };
		F8C6D0B7291CAB8D00C1CD63 /* LaunchScreen.storyboard in Resources */ = {isa = PBXBuildFile; fileRef = F8C6D0B5291CAB8D00C1CD63 /* LaunchScreen.storyboard */; };
		F8C6D0C2291CAB8E00C1CD63 /* utsav_busaTests.swift in Sources */ = {isa = PBXBuildFile; fileRef = F8C6D0C1291CAB8E00C1CD63 /* utsav_busaTests.swift */; };
		F8C6D0CC291CAB8E00C1CD63 /* utsav_busaUITests.swift in Sources */ = {isa = PBXBuildFile; fileRef = F8C6D0CB291CAB8E00C1CD63 /* utsav_busaUITests.swift */; };
		F8C6D0CE291CAB8E00C1CD63 /* utsav_busaUITestsLaunchTests.swift in Sources */ = {isa = PBXBuildFile; fileRef = F8C6D0CD291CAB8E00C1CD63 /* utsav_busaUITestsLaunchTests.swift */; };
		F8D08E9129226FE100F41451 /* TableViewImplement.swift in Sources */ = {isa = PBXBuildFile; fileRef = F8D08E9029226FE100F41451 /* TableViewImplement.swift */; };
		F8FE7272292621BA008217AA /* CarV.swift in Sources */ = {isa = PBXBuildFile; fileRef = F8FE7271292621BA008217AA /* CarV.swift */; };
		F8FE727429262244008217AA /* CarDAL.swift in Sources */ = {isa = PBXBuildFile; fileRef = F8FE727329262244008217AA /* CarDAL.swift */; };
/* End PBXBuildFile section */

/* Begin PBXContainerItemProxy section */
		F8C6D0BE291CAB8E00C1CD63 /* PBXContainerItemProxy */ = {
			isa = PBXContainerItemProxy;
			containerPortal = F8C6D09F291CAB8B00C1CD63 /* Project object */;
			proxyType = 1;
			remoteGlobalIDString = F8C6D0A6291CAB8B00C1CD63;
			remoteInfo = "utsav busa";
		};
		F8C6D0C8291CAB8E00C1CD63 /* PBXContainerItemProxy */ = {
			isa = PBXContainerItemProxy;
			containerPortal = F8C6D09F291CAB8B00C1CD63 /* Project object */;
			proxyType = 1;
			remoteGlobalIDString = F8C6D0A6291CAB8B00C1CD63;
			remoteInfo = "utsav busa";
		};
/* End PBXContainerItemProxy section */

/* Begin PBXFileReference section */
		F8348D31292530ED00AD633B /* utsav busa-Bridging-Header.h */ = {isa = PBXFileReference; lastKnownFileType = sourcecode.c.h; path = "utsav busa-Bridging-Header.h"; sourceTree = "<group>"; };
		F8348D32292530ED00AD633B /* FMDatabaseAdditions.m */ = {isa = PBXFileReference; fileEncoding = 4; lastKnownFileType = sourcecode.c.objc; path = FMDatabaseAdditions.m; sourceTree = "<group>"; };
		F8348D33292530EE00AD633B /* FMDatabaseAdditions.h */ = {isa = PBXFileReference; fileEncoding = 4; lastKnownFileType = sourcecode.c.h; path = FMDatabaseAdditions.h; sourceTree = "<group>"; };
		F8348D34292530EE00AD633B /* FMDatabase.m */ = {isa = PBXFileReference; fileEncoding = 4; lastKnownFileType = sourcecode.c.objc; path = FMDatabase.m; sourceTree = "<group>"; };
		F8348D35292530EE00AD633B /* FMDatabasePool.h */ = {isa = PBXFileReference; fileEncoding = 4; lastKnownFileType = sourcecode.c.h; path = FMDatabasePool.h; sourceTree = "<group>"; };
		F8348D36292530EE00AD633B /* FMDatabaseQueue.h */ = {isa = PBXFileReference; fileEncoding = 4; lastKnownFileType = sourcecode.c.h; path = FMDatabaseQueue.h; sourceTree = "<group>"; };
		F8348D37292530EE00AD633B /* FMDB.h */ = {isa = PBXFileReference; fileEncoding = 4; lastKnownFileType = sourcecode.c.h; path = FMDB.h; sourceTree = "<group>"; };
		F8348D38292530EE00AD633B /* FMDatabaseQueue.m */ = {isa = PBXFileReference; fileEncoding = 4; lastKnownFileType = sourcecode.c.objc; path = FMDatabaseQueue.m; sourceTree = "<group>"; };
		F8348D39292530EE00AD633B /* FMResultSet.h */ = {isa = PBXFileReference; fileEncoding = 4; lastKnownFileType = sourcecode.c.h; path = FMResultSet.h; sourceTree = "<group>"; };
		F8348D3A292530EE00AD633B /* FMResultSet.m */ = {isa = PBXFileReference; fileEncoding = 4; lastKnownFileType = sourcecode.c.objc; path = FMResultSet.m; sourceTree = "<group>"; };
		F8348D3B292530EE00AD633B /* FMDatabasePool.m */ = {isa = PBXFileReference; fileEncoding = 4; lastKnownFileType = sourcecode.c.objc; path = FMDatabasePool.m; sourceTree = "<group>"; };
		F8348D3C292530EE00AD633B /* FMDatabase.h */ = {isa = PBXFileReference; fileEncoding = 4; lastKnownFileType = sourcecode.c.h; path = FMDatabase.h; sourceTree = "<group>"; };
		F8348D422925316E00AD633B /* car.db */ = {isa = PBXFileReference; lastKnownFileType = file; path = car.db; sourceTree = "<group>"; };
		F8348D44292531AC00AD633B /* Utility.swift */ = {isa = PBXFileReference; fileEncoding = 4; lastKnownFileType = sourcecode.swift; path = Utility.swift; sourceTree = "<group>"; };
		F8348D472925344800AD633B /* carDAL.swift */ = {isa = PBXFileReference; lastKnownFileType = sourcecode.swift; path = carDAL.swift; sourceTree = "<group>"; };
		F84574B929266F1A00E785E7 /* CarModelTableViewCell.swift */ = {isa = PBXFileReference; lastKnownFileType = sourcecode.swift; path = CarModelTableViewCell.swift; sourceTree = "<group>"; };
		F84574BD2926825200E785E7 /* AddCar.swift */ = {isa = PBXFileReference; lastKnownFileType = sourcecode.swift; path = AddCar.swift; sourceTree = "<group>"; };
		F89CCF7E29234DA50080C024 /* Tablecell.swift */ = {isa = PBXFileReference; lastKnownFileType = sourcecode.swift; path = Tablecell.swift; sourceTree = "<group>"; };
		F8ACB3C329249D56009C2D20 /* DetailsView.swift */ = {isa = PBXFileReference; lastKnownFileType = sourcecode.swift; path = DetailsView.swift; sourceTree = "<group>"; };
		F8ADDDC9291E01330066C518 /* SecondView.swift */ = {isa = PBXFileReference; lastKnownFileType = sourcecode.swift; path = SecondView.swift; sourceTree = "<group>"; };
		F8ADDDCB291E2A220066C518 /* CalculaterView.swift */ = {isa = PBXFileReference; lastKnownFileType = sourcecode.swift; path = CalculaterView.swift; sourceTree = "<group>"; };
		F8ADDDCD291E372F0066C518 /* Intererst.swift */ = {isa = PBXFileReference; lastKnownFileType = sourcecode.swift; path = Intererst.swift; sourceTree = "<group>"; };
		F8AECEAE29235CB70092E56F /* Car.swift */ = {isa = PBXFileReference; lastKnownFileType = sourcecode.swift; path = Car.swift; sourceTree = "<group>"; };
		F8BFBD4F2921F50A0019CB99 /* Profileview.swift */ = {isa = PBXFileReference; lastKnownFileType = sourcecode.swift; path = Profileview.swift; sourceTree = "<group>"; };
		F8C6D0A7291CAB8B00C1CD63 /* utsav busa.app */ = {isa = PBXFileReference; explicitFileType = wrapper.application; includeInIndex = 0; path = "utsav busa.app"; sourceTree = BUILT_PRODUCTS_DIR; };
		F8C6D0AA291CAB8B00C1CD63 /* AppDelegate.swift */ = {isa = PBXFileReference; lastKnownFileType = sourcecode.swift; path = AppDelegate.swift; sourceTree = "<group>"; };
		F8C6D0AC291CAB8B00C1CD63 /* SceneDelegate.swift */ = {isa = PBXFileReference; lastKnownFileType = sourcecode.swift; path = SceneDelegate.swift; sourceTree = "<group>"; };
		F8C6D0AE291CAB8B00C1CD63 /* ViewController.swift */ = {isa = PBXFileReference; lastKnownFileType = sourcecode.swift; path = ViewController.swift; sourceTree = "<group>"; };
		F8C6D0B1291CAB8B00C1CD63 /* Base */ = {isa = PBXFileReference; lastKnownFileType = file.storyboard; name = Base; path = Base.lproj/Main.storyboard; sourceTree = "<group>"; };
		F8C6D0B3291CAB8D00C1CD63 /* Assets.xcassets */ = {isa = PBXFileReference; lastKnownFileType = folder.assetcatalog; path = Assets.xcassets; sourceTree = "<group>"; };
		F8C6D0B6291CAB8D00C1CD63 /* Base */ = {isa = PBXFileReference; lastKnownFileType = file.storyboard; name = Base; path = Base.lproj/LaunchScreen.storyboard; sourceTree = "<group>"; };
		F8C6D0B8291CAB8D00C1CD63 /* Info.plist */ = {isa = PBXFileReference; lastKnownFileType = text.plist.xml; path = Info.plist; sourceTree = "<group>"; };
		F8C6D0BD291CAB8E00C1CD63 /* utsav busaTests.xctest */ = {isa = PBXFileReference; explicitFileType = wrapper.cfbundle; includeInIndex = 0; path = "utsav busaTests.xctest"; sourceTree = BUILT_PRODUCTS_DIR; };
		F8C6D0C1291CAB8E00C1CD63 /* utsav_busaTests.swift */ = {isa = PBXFileReference; lastKnownFileType = sourcecode.swift; path = utsav_busaTests.swift; sourceTree = "<group>"; };
		F8C6D0C7291CAB8E00C1CD63 /* utsav busaUITests.xctest */ = {isa = PBXFileReference; explicitFileType = wrapper.cfbundle; includeInIndex = 0; path = "utsav busaUITests.xctest"; sourceTree = BUILT_PRODUCTS_DIR; };
		F8C6D0CB291CAB8E00C1CD63 /* utsav_busaUITests.swift */ = {isa = PBXFileReference; lastKnownFileType = sourcecode.swift; path = utsav_busaUITests.swift; sourceTree = "<group>"; };
		F8C6D0CD291CAB8E00C1CD63 /* utsav_busaUITestsLaunchTests.swift */ = {isa = PBXFileReference; lastKnownFileType = sourcecode.swift; path = utsav_busaUITestsLaunchTests.swift; sourceTree = "<group>"; };
		F8D08E9029226FE100F41451 /* TableViewImplement.swift */ = {isa = PBXFileReference; lastKnownFileType = sourcecode.swift; path = TableViewImplement.swift; sourceTree = "<group>"; };
		F8FE7271292621BA008217AA /* CarV.swift */ = {isa = PBXFileReference; lastKnownFileType = sourcecode.swift; path = CarV.swift; sourceTree = "<group>"; };
		F8FE727329262244008217AA /* CarDAL.swift */ = {isa = PBXFileReference; lastKnownFileType = sourcecode.swift; path = CarDAL.swift; sourceTree = "<group>"; };
/* End PBXFileReference section */

/* Begin PBXFrameworksBuildPhase section */
		F8C6D0A4291CAB8B00C1CD63 /* Frameworks */ = {
			isa = PBXFrameworksBuildPhase;
			buildActionMask = 2147483647;
			files = (
			);
			runOnlyForDeploymentPostprocessing = 0;
		};
		F8C6D0BA291CAB8E00C1CD63 /* Frameworks */ = {
			isa = PBXFrameworksBuildPhase;
			buildActionMask = 2147483647;
			files = (
			);
			runOnlyForDeploymentPostprocessing = 0;
		};
		F8C6D0C4291CAB8E00C1CD63 /* Frameworks */ = {
			isa = PBXFrameworksBuildPhase;
			buildActionMask = 2147483647;
			files = (
			);
			runOnlyForDeploymentPostprocessing = 0;
		};
/* End PBXFrameworksBuildPhase section */

/* Begin PBXGroup section */
		F8348D302925308900AD633B /* FMDB */ = {
			isa = PBXGroup;
			children = (
				F8348D3C292530EE00AD633B /* FMDatabase.h */,
				F8348D34292530EE00AD633B /* FMDatabase.m */,
				F8348D33292530EE00AD633B /* FMDatabaseAdditions.h */,
				F8348D32292530ED00AD633B /* FMDatabaseAdditions.m */,
				F8348D35292530EE00AD633B /* FMDatabasePool.h */,
				F8348D3B292530EE00AD633B /* FMDatabasePool.m */,
				F8348D36292530EE00AD633B /* FMDatabaseQueue.h */,
				F8348D38292530EE00AD633B /* FMDatabaseQueue.m */,
				F8348D37292530EE00AD633B /* FMDB.h */,
				F8348D39292530EE00AD633B /* FMResultSet.h */,
				F8348D3A292530EE00AD633B /* FMResultSet.m */,
				F8348D31292530ED00AD633B /* utsav busa-Bridging-Header.h */,
			);
			path = FMDB;
			sourceTree = "<group>";
		};
		F8348D46292533CA00AD633B /* car */ = {
			isa = PBXGroup;
			children = (
				F8D08E9029226FE100F41451 /* TableViewImplement.swift */,
				F89CCF7E29234DA50080C024 /* Tablecell.swift */,
				F8AECEAE29235CB70092E56F /* Car.swift */,
				F8348D472925344800AD633B /* carDAL.swift */,
				F84574BD2926825200E785E7 /* AddCar.swift */,
			);
			path = car;
			sourceTree = "<group>";
		};
		F870DE3F2926151800E0107F /* CarModel */ = {
			isa = PBXGroup;
			children = (
				F8ACB3C329249D56009C2D20 /* DetailsView.swift */,
				F8FE7271292621BA008217AA /* CarV.swift */,
				F8FE727329262244008217AA /* CarDAL.swift */,
				F84574B929266F1A00E785E7 /* CarModelTableViewCell.swift */,
			);
			path = CarModel;
			sourceTree = "<group>";
		};
		F8C6D09E291CAB8B00C1CD63 = {
			isa = PBXGroup;
			children = (
				F8C6D0A9291CAB8B00C1CD63 /* utsav busa */,
				F8C6D0C0291CAB8E00C1CD63 /* utsav busaTests */,
				F8C6D0CA291CAB8E00C1CD63 /* utsav busaUITests */,
				F8C6D0A8291CAB8B00C1CD63 /* Products */,
			);
			sourceTree = "<group>";
		};
		F8C6D0A8291CAB8B00C1CD63 /* Products */ = {
			isa = PBXGroup;
			children = (
				F8C6D0A7291CAB8B00C1CD63 /* utsav busa.app */,
				F8C6D0BD291CAB8E00C1CD63 /* utsav busaTests.xctest */,
				F8C6D0C7291CAB8E00C1CD63 /* utsav busaUITests.xctest */,
			);
			name = Products;
			sourceTree = "<group>";
		};
		F8C6D0A9291CAB8B00C1CD63 /* utsav busa */ = {
			isa = PBXGroup;
			children = (
				F870DE3F2926151800E0107F /* CarModel */,
				F8348D46292533CA00AD633B /* car */,
				F8348D422925316E00AD633B /* car.db */,
				F8348D302925308900AD633B /* FMDB */,
				F8C6D0AA291CAB8B00C1CD63 /* AppDelegate.swift */,
				F8C6D0AC291CAB8B00C1CD63 /* SceneDelegate.swift */,
				F8C6D0AE291CAB8B00C1CD63 /* ViewController.swift */,
				F8C6D0B0291CAB8B00C1CD63 /* Main.storyboard */,
				F8C6D0B3291CAB8D00C1CD63 /* Assets.xcassets */,
				F8C6D0B5291CAB8D00C1CD63 /* LaunchScreen.storyboard */,
				F8C6D0B8291CAB8D00C1CD63 /* Info.plist */,
				F8ADDDC9291E01330066C518 /* SecondView.swift */,
				F8ADDDCB291E2A220066C518 /* CalculaterView.swift */,
				F8ADDDCD291E372F0066C518 /* Intererst.swift */,
				F8348D44292531AC00AD633B /* Utility.swift */,
				F8BFBD4F2921F50A0019CB99 /* Profileview.swift */,
			);
			path = "utsav busa";
			sourceTree = "<group>";
		};
		F8C6D0C0291CAB8E00C1CD63 /* utsav busaTests */ = {
			isa = PBXGroup;
			children = (
				F8C6D0C1291CAB8E00C1CD63 /* utsav_busaTests.swift */,
			);
			path = "utsav busaTests";
			sourceTree = "<group>";
		};
		F8C6D0CA291CAB8E00C1CD63 /* utsav busaUITests */ = {
			isa = PBXGroup;
			children = (
				F8C6D0CB291CAB8E00C1CD63 /* utsav_busaUITests.swift */,
				F8C6D0CD291CAB8E00C1CD63 /* utsav_busaUITestsLaunchTests.swift */,
			);
			path = "utsav busaUITests";
			sourceTree = "<group>";
		};
/* End PBXGroup section */

/* Begin PBXNativeTarget section */
		F8C6D0A6291CAB8B00C1CD63 /* utsav busa */ = {
			isa = PBXNativeTarget;
			buildConfigurationList = F8C6D0D1291CAB8E00C1CD63 /* Build configuration list for PBXNativeTarget "utsav busa" */;
			buildPhases = (
				F8C6D0A3291CAB8B00C1CD63 /* Sources */,
				F8C6D0A4291CAB8B00C1CD63 /* Frameworks */,
				F8C6D0A5291CAB8B00C1CD63 /* Resources */,
			);
			buildRules = (
			);
			dependencies = (
			);
			name = "utsav busa";
			productName = "utsav busa";
			productReference = F8C6D0A7291CAB8B00C1CD63 /* utsav busa.app */;
			productType = "com.apple.product-type.application";
		};
		F8C6D0BC291CAB8E00C1CD63 /* utsav busaTests */ = {
			isa = PBXNativeTarget;
			buildConfigurationList = F8C6D0D4291CAB8E00C1CD63 /* Build configuration list for PBXNativeTarget "utsav busaTests" */;
			buildPhases = (
				F8C6D0B9291CAB8E00C1CD63 /* Sources */,
				F8C6D0BA291CAB8E00C1CD63 /* Frameworks */,
				F8C6D0BB291CAB8E00C1CD63 /* Resources */,
			);
			buildRules = (
			);
			dependencies = (
				F8C6D0BF291CAB8E00C1CD63 /* PBXTargetDependency */,
			);
			name = "utsav busaTests";
			productName = "utsav busaTests";
			productReference = F8C6D0BD291CAB8E00C1CD63 /* utsav busaTests.xctest */;
			productType = "com.apple.product-type.bundle.unit-test";
		};
		F8C6D0C6291CAB8E00C1CD63 /* utsav busaUITests */ = {
			isa = PBXNativeTarget;
			buildConfigurationList = F8C6D0D7291CAB8E00C1CD63 /* Build configuration list for PBXNativeTarget "utsav busaUITests" */;
			buildPhases = (
				F8C6D0C3291CAB8E00C1CD63 /* Sources */,
				F8C6D0C4291CAB8E00C1CD63 /* Frameworks */,
				F8C6D0C5291CAB8E00C1CD63 /* Resources */,
			);
			buildRules = (
			);
			dependencies = (
				F8C6D0C9291CAB8E00C1CD63 /* PBXTargetDependency */,
			);
			name = "utsav busaUITests";
			productName = "utsav busaUITests";
			productReference = F8C6D0C7291CAB8E00C1CD63 /* utsav busaUITests.xctest */;
			productType = "com.apple.product-type.bundle.ui-testing";
		};
/* End PBXNativeTarget section */

/* Begin PBXProject section */
		F8C6D09F291CAB8B00C1CD63 /* Project object */ = {
			isa = PBXProject;
			attributes = {
				BuildIndependentTargetsInParallel = 1;
				LastSwiftUpdateCheck = 1400;
				LastUpgradeCheck = 1400;
				TargetAttributes = {
					F8C6D0A6291CAB8B00C1CD63 = {
						CreatedOnToolsVersion = 14.0;
						LastSwiftMigration = 1400;
					};
					F8C6D0BC291CAB8E00C1CD63 = {
						CreatedOnToolsVersion = 14.0;
						TestTargetID = F8C6D0A6291CAB8B00C1CD63;
					};
					F8C6D0C6291CAB8E00C1CD63 = {
						CreatedOnToolsVersion = 14.0;
						TestTargetID = F8C6D0A6291CAB8B00C1CD63;
					};
				};
			};
			buildConfigurationList = F8C6D0A2291CAB8B00C1CD63 /* Build configuration list for PBXProject "utsav busa" */;
			compatibilityVersion = "Xcode 14.0";
			developmentRegion = en;
			hasScannedForEncodings = 0;
			knownRegions = (
				en,
				Base,
			);
			mainGroup = F8C6D09E291CAB8B00C1CD63;
			productRefGroup = F8C6D0A8291CAB8B00C1CD63 /* Products */;
			projectDirPath = "";
			projectRoot = "";
			targets = (
				F8C6D0A6291CAB8B00C1CD63 /* utsav busa */,
				F8C6D0BC291CAB8E00C1CD63 /* utsav busaTests */,
				F8C6D0C6291CAB8E00C1CD63 /* utsav busaUITests */,
			);
		};
/* End PBXProject section */

/* Begin PBXResourcesBuildPhase section */
		F8C6D0A5291CAB8B00C1CD63 /* Resources */ = {
			isa = PBXResourcesBuildPhase;
			buildActionMask = 2147483647;
			files = (
				F8348D432925316E00AD633B /* car.db in Resources */,
				F8C6D0B7291CAB8D00C1CD63 /* LaunchScreen.storyboard in Resources */,
				F8C6D0B4291CAB8D00C1CD63 /* Assets.xcassets in Resources */,
				F8C6D0B2291CAB8B00C1CD63 /* Main.storyboard in Resources */,
			);
			runOnlyForDeploymentPostprocessing = 0;
		};
		F8C6D0BB291CAB8E00C1CD63 /* Resources */ = {
			isa = PBXResourcesBuildPhase;
			buildActionMask = 2147483647;
			files = (
			);
			runOnlyForDeploymentPostprocessing = 0;
		};
		F8C6D0C5291CAB8E00C1CD63 /* Resources */ = {
			isa = PBXResourcesBuildPhase;
			buildActionMask = 2147483647;
			files = (
			);
			runOnlyForDeploymentPostprocessing = 0;
		};
/* End PBXResourcesBuildPhase section */

/* Begin PBXSourcesBuildPhase section */
		F8C6D0A3291CAB8B00C1CD63 /* Sources */ = {
			isa = PBXSourcesBuildPhase;
			buildActionMask = 2147483647;
			files = (
				F8348D482925344800AD633B /* carDAL.swift in Sources */,
				F8C6D0AF291CAB8B00C1CD63 /* ViewController.swift in Sources */,
				F8FE727429262244008217AA /* CarDAL.swift in Sources */,
				F8FE7272292621BA008217AA /* CarV.swift in Sources */,
				F84574BA29266F1A00E785E7 /* CarModelTableViewCell.swift in Sources */,
				F8D08E9129226FE100F41451 /* TableViewImplement.swift in Sources */,
				F8348D3E292530EE00AD633B /* FMDatabase.m in Sources */,
				F8348D3F292530EE00AD633B /* FMDatabaseQueue.m in Sources */,
				F8AECEAF29235CB70092E56F /* Car.swift in Sources */,
				F8C6D0AB291CAB8B00C1CD63 /* AppDelegate.swift in Sources */,
				F89CCF7F29234DA50080C024 /* Tablecell.swift in Sources */,
				F8ADDDCF291E38170066C518 /* Intererst.swift in Sources */,
				F8ACB3C429249D56009C2D20 /* DetailsView.swift in Sources */,
				F8348D40292530EE00AD633B /* FMResultSet.m in Sources */,
				F8BFBD502921F50A0019CB99 /* Profileview.swift in Sources */,
				F8ADDDCC291E2A220066C518 /* CalculaterView.swift in Sources */,
				F84574BE2926825200E785E7 /* AddCar.swift in Sources */,
				F8ADDDCA291E01330066C518 /* SecondView.swift in Sources */,
				F8348D41292530EE00AD633B /* FMDatabasePool.m in Sources */,
				F8C6D0AD291CAB8B00C1CD63 /* SceneDelegate.swift in Sources */,
				F8348D3D292530EE00AD633B /* FMDatabaseAdditions.m in Sources */,
				F8348D45292531AC00AD633B /* Utility.swift in Sources */,
			);
			runOnlyForDeploymentPostprocessing = 0;
		};
		F8C6D0B9291CAB8E00C1CD63 /* Sources */ = {
			isa = PBXSourcesBuildPhase;
			buildActionMask = 2147483647;
			files = (
				F8C6D0C2291CAB8E00C1CD63 /* utsav_busaTests.swift in Sources */,
			);
			runOnlyForDeploymentPostprocessing = 0;
		};
		F8C6D0C3291CAB8E00C1CD63 /* Sources */ = {
			isa = PBXSourcesBuildPhase;
			buildActionMask = 2147483647;
			files = (
				F8C6D0CC291CAB8E00C1CD63 /* utsav_busaUITests.swift in Sources */,
				F8C6D0CE291CAB8E00C1CD63 /* utsav_busaUITestsLaunchTests.swift in Sources */,
			);
			runOnlyForDeploymentPostprocessing = 0;
		};
/* End PBXSourcesBuildPhase section */

/* Begin PBXTargetDependency section */
		F8C6D0BF291CAB8E00C1CD63 /* PBXTargetDependency */ = {
			isa = PBXTargetDependency;
			target = F8C6D0A6291CAB8B00C1CD63 /* utsav busa */;
			targetProxy = F8C6D0BE291CAB8E00C1CD63 /* PBXContainerItemProxy */;
		};
		F8C6D0C9291CAB8E00C1CD63 /* PBXTargetDependency */ = {
			isa = PBXTargetDependency;
			target = F8C6D0A6291CAB8B00C1CD63 /* utsav busa */;
			targetProxy = F8C6D0C8291CAB8E00C1CD63 /* PBXContainerItemProxy */;
		};
/* End PBXTargetDependency section */

/* Begin PBXVariantGroup section */
		F8C6D0B0291CAB8B00C1CD63 /* Main.storyboard */ = {
			isa = PBXVariantGroup;
			children = (
				F8C6D0B1291CAB8B00C1CD63 /* Base */,
			);
			name = Main.storyboard;
			sourceTree = "<group>";
		};
		F8C6D0B5291CAB8D00C1CD63 /* LaunchScreen.storyboard */ = {
			isa = PBXVariantGroup;
			children = (
				F8C6D0B6291CAB8D00C1CD63 /* Base */,
			);
			name = LaunchScreen.storyboard;
			sourceTree = "<group>";
		};
/* End PBXVariantGroup section */

/* Begin XCBuildConfiguration section */
		F8C6D0CF291CAB8E00C1CD63 /* Debug */ = {
			isa = XCBuildConfiguration;
			buildSettings = {
				ALWAYS_SEARCH_USER_PATHS = NO;
				CLANG_ANALYZER_NONNULL = YES;
				CLANG_ANALYZER_NUMBER_OBJECT_CONVERSION = YES_AGGRESSIVE;
				CLANG_CXX_LANGUAGE_STANDARD = "gnu++20";
				CLANG_ENABLE_MODULES = YES;
				CLANG_ENABLE_OBJC_ARC = YES;
				CLANG_ENABLE_OBJC_WEAK = YES;
				CLANG_WARN_BLOCK_CAPTURE_AUTORELEASING = YES;
				CLANG_WARN_BOOL_CONVERSION = YES;
				CLANG_WARN_COMMA = YES;
				CLANG_WARN_CONSTANT_CONVERSION = YES;
				CLANG_WARN_DEPRECATED_OBJC_IMPLEMENTATIONS = YES;
				CLANG_WARN_DIRECT_OBJC_ISA_USAGE = YES_ERROR;
				CLANG_WARN_DOCUMENTATION_COMMENTS = YES;
				CLANG_WARN_EMPTY_BODY = YES;
				CLANG_WARN_ENUM_CONVERSION = YES;
				CLANG_WARN_INFINITE_RECURSION = YES;
				CLANG_WARN_INT_CONVERSION = YES;
				CLANG_WARN_NON_LITERAL_NULL_CONVERSION = YES;
				CLANG_WARN_OBJC_IMPLICIT_RETAIN_SELF = YES;
				CLANG_WARN_OBJC_LITERAL_CONVERSION = YES;
				CLANG_WARN_OBJC_ROOT_CLASS = YES_ERROR;
				CLANG_WARN_QUOTED_INCLUDE_IN_FRAMEWORK_HEADER = YES;
				CLANG_WARN_RANGE_LOOP_ANALYSIS = YES;
				CLANG_WARN_STRICT_PROTOTYPES = YES;
				CLANG_WARN_SUSPICIOUS_MOVE = YES;
				CLANG_WARN_UNGUARDED_AVAILABILITY = YES_AGGRESSIVE;
				CLANG_WARN_UNREACHABLE_CODE = YES;
				CLANG_WARN__DUPLICATE_METHOD_MATCH = YES;
				COPY_PHASE_STRIP = NO;
				DEBUG_INFORMATION_FORMAT = dwarf;
				ENABLE_STRICT_OBJC_MSGSEND = YES;
				ENABLE_TESTABILITY = YES;
				GCC_C_LANGUAGE_STANDARD = gnu11;
				GCC_DYNAMIC_NO_PIC = NO;
				GCC_NO_COMMON_BLOCKS = YES;
				GCC_OPTIMIZATION_LEVEL = 0;
				GCC_PREPROCESSOR_DEFINITIONS = (
					"DEBUG=1",
					"$(inherited)",
				);
				GCC_WARN_64_TO_32_BIT_CONVERSION = YES;
				GCC_WARN_ABOUT_RETURN_TYPE = YES_ERROR;
				GCC_WARN_UNDECLARED_SELECTOR = YES;
				GCC_WARN_UNINITIALIZED_AUTOS = YES_AGGRESSIVE;
				GCC_WARN_UNUSED_FUNCTION = YES;
				GCC_WARN_UNUSED_VARIABLE = YES;
				IPHONEOS_DEPLOYMENT_TARGET = 16.0;
				MTL_ENABLE_DEBUG_INFO = INCLUDE_SOURCE;
				MTL_FAST_MATH = YES;
				ONLY_ACTIVE_ARCH = YES;
				SDKROOT = iphoneos;
				SWIFT_ACTIVE_COMPILATION_CONDITIONS = DEBUG;
				SWIFT_OPTIMIZATION_LEVEL = "-Onone";
			};
			name = Debug;
		};
		F8C6D0D0291CAB8E00C1CD63 /* Release */ = {
			isa = XCBuildConfiguration;
			buildSettings = {
				ALWAYS_SEARCH_USER_PATHS = NO;
				CLANG_ANALYZER_NONNULL = YES;
				CLANG_ANALYZER_NUMBER_OBJECT_CONVERSION = YES_AGGRESSIVE;
				CLANG_CXX_LANGUAGE_STANDARD = "gnu++20";
				CLANG_ENABLE_MODULES = YES;
				CLANG_ENABLE_OBJC_ARC = YES;
				CLANG_ENABLE_OBJC_WEAK = YES;
				CLANG_WARN_BLOCK_CAPTURE_AUTORELEASING = YES;
				CLANG_WARN_BOOL_CONVERSION = YES;
				CLANG_WARN_COMMA = YES;
				CLANG_WARN_CONSTANT_CONVERSION = YES;
				CLANG_WARN_DEPRECATED_OBJC_IMPLEMENTATIONS = YES;
				CLANG_WARN_DIRECT_OBJC_ISA_USAGE = YES_ERROR;
				CLANG_WARN_DOCUMENTATION_COMMENTS = YES;
				CLANG_WARN_EMPTY_BODY = YES;
				CLANG_WARN_ENUM_CONVERSION = YES;
				CLANG_WARN_INFINITE_RECURSION = YES;
				CLANG_WARN_INT_CONVERSION = YES;
				CLANG_WARN_NON_LITERAL_NULL_CONVERSION = YES;
				CLANG_WARN_OBJC_IMPLICIT_RETAIN_SELF = YES;
				CLANG_WARN_OBJC_LITERAL_CONVERSION = YES;
				CLANG_WARN_OBJC_ROOT_CLASS = YES_ERROR;
				CLANG_WARN_QUOTED_INCLUDE_IN_FRAMEWORK_HEADER = YES;
				CLANG_WARN_RANGE_LOOP_ANALYSIS = YES;
				CLANG_WARN_STRICT_PROTOTYPES = YES;
				CLANG_WARN_SUSPICIOUS_MOVE = YES;
				CLANG_WARN_UNGUARDED_AVAILABILITY = YES_AGGRESSIVE;
				CLANG_WARN_UNREACHABLE_CODE = YES;
				CLANG_WARN__DUPLICATE_METHOD_MATCH = YES;
				COPY_PHASE_STRIP = NO;
				DEBUG_INFORMATION_FORMAT = "dwarf-with-dsym";
				ENABLE_NS_ASSERTIONS = NO;
				ENABLE_STRICT_OBJC_MSGSEND = YES;
				GCC_C_LANGUAGE_STANDARD = gnu11;
				GCC_NO_COMMON_BLOCKS = YES;
				GCC_WARN_64_TO_32_BIT_CONVERSION = YES;
				GCC_WARN_ABOUT_RETURN_TYPE = YES_ERROR;
				GCC_WARN_UNDECLARED_SELECTOR = YES;
				GCC_WARN_UNINITIALIZED_AUTOS = YES_AGGRESSIVE;
				GCC_WARN_UNUSED_FUNCTION = YES;
				GCC_WARN_UNUSED_VARIABLE = YES;
				IPHONEOS_DEPLOYMENT_TARGET = 16.0;
				MTL_ENABLE_DEBUG_INFO = NO;
				MTL_FAST_MATH = YES;
				SDKROOT = iphoneos;
				SWIFT_COMPILATION_MODE = wholemodule;
				SWIFT_OPTIMIZATION_LEVEL = "-O";
				VALIDATE_PRODUCT = YES;
			};
			name = Release;
		};
		F8C6D0D2291CAB8E00C1CD63 /* Debug */ = {
			isa = XCBuildConfiguration;
			buildSettings = {
				ASSETCATALOG_COMPILER_APPICON_NAME = AppIcon;
				ASSETCATALOG_COMPILER_GLOBAL_ACCENT_COLOR_NAME = AccentColor;
				CLANG_ENABLE_MODULES = YES;
				CODE_SIGN_STYLE = Automatic;
				CURRENT_PROJECT_VERSION = 1;
				GENERATE_INFOPLIST_FILE = YES;
				INFOPLIST_FILE = "utsav busa/Info.plist";
				INFOPLIST_KEY_CFBundleDisplayName = "utsav busa";
				INFOPLIST_KEY_LSApplicationCategoryType = "public.app-category.education";
				INFOPLIST_KEY_UIApplicationSupportsIndirectInputEvents = YES;
				INFOPLIST_KEY_UILaunchStoryboardName = LaunchScreen;
				INFOPLIST_KEY_UIMainStoryboardFile = Main;
				INFOPLIST_KEY_UISupportedInterfaceOrientations_iPad = "UIInterfaceOrientationPortrait UIInterfaceOrientationPortraitUpsideDown UIInterfaceOrientationLandscapeLeft UIInterfaceOrientationLandscapeRight";
				INFOPLIST_KEY_UISupportedInterfaceOrientations_iPhone = "UIInterfaceOrientationPortrait UIInterfaceOrientationLandscapeLeft UIInterfaceOrientationLandscapeRight";
				IPHONEOS_DEPLOYMENT_TARGET = 15.0;
				LD_RUNPATH_SEARCH_PATHS = (
					"$(inherited)",
					"@executable_path/Frameworks",
				);
				MARKETING_VERSION = 1.0;
				PRODUCT_BUNDLE_IDENTIFIER = "com.topgrowth.utsavbusa.utsav-busa";
				PRODUCT_NAME = "$(TARGET_NAME)";
				SWIFT_EMIT_LOC_STRINGS = YES;
				SWIFT_OBJC_BRIDGING_HEADER = "utsav busa/FMDB/utsav busa-Bridging-Header.h";
				SWIFT_OPTIMIZATION_LEVEL = "-Onone";
				SWIFT_VERSION = 5.0;
				TARGETED_DEVICE_FAMILY = "1,2";
			};
			name = Debug;
		};
		F8C6D0D3291CAB8E00C1CD63 /* Release */ = {
			isa = XCBuildConfiguration;
			buildSettings = {
				ASSETCATALOG_COMPILER_APPICON_NAME = AppIcon;
				ASSETCATALOG_COMPILER_GLOBAL_ACCENT_COLOR_NAME = AccentColor;
				CLANG_ENABLE_MODULES = YES;
				CODE_SIGN_STYLE = Automatic;
				CURRENT_PROJECT_VERSION = 1;
				GENERATE_INFOPLIST_FILE = YES;
				INFOPLIST_FILE = "utsav busa/Info.plist";
				INFOPLIST_KEY_CFBundleDisplayName = "utsav busa";
				INFOPLIST_KEY_LSApplicationCategoryType = "public.app-category.education";
				INFOPLIST_KEY_UIApplicationSupportsIndirectInputEvents = YES;
				INFOPLIST_KEY_UILaunchStoryboardName = LaunchScreen;
				INFOPLIST_KEY_UIMainStoryboardFile = Main;
				INFOPLIST_KEY_UISupportedInterfaceOrientations_iPad = "UIInterfaceOrientationPortrait UIInterfaceOrientationPortraitUpsideDown UIInterfaceOrientationLandscapeLeft UIInterfaceOrientationLandscapeRight";
				INFOPLIST_KEY_UISupportedInterfaceOrientations_iPhone = "UIInterfaceOrientationPortrait UIInterfaceOrientationLandscapeLeft UIInterfaceOrientationLandscapeRight";
				IPHONEOS_DEPLOYMENT_TARGET = 15.0;
				LD_RUNPATH_SEARCH_PATHS = (
					"$(inherited)",
					"@executable_path/Frameworks",
				);
				MARKETING_VERSION = 1.0;
				PRODUCT_BUNDLE_IDENTIFIER = "com.topgrowth.utsavbusa.utsav-busa";
				PRODUCT_NAME = "$(TARGET_NAME)";
				SWIFT_EMIT_LOC_STRINGS = YES;
				SWIFT_OBJC_BRIDGING_HEADER = "utsav busa/FMDB/utsav busa-Bridging-Header.h";
				SWIFT_VERSION = 5.0;
				TARGETED_DEVICE_FAMILY = "1,2";
			};
			name = Release;
		};
		F8C6D0D5291CAB8E00C1CD63 /* Debug */ = {
			isa = XCBuildConfiguration;
			buildSettings = {
				ALWAYS_EMBED_SWIFT_STANDARD_LIBRARIES = YES;
				BUNDLE_LOADER = "$(TEST_HOST)";
				CODE_SIGN_STYLE = Automatic;
				CURRENT_PROJECT_VERSION = 1;
				GENERATE_INFOPLIST_FILE = YES;
				IPHONEOS_DEPLOYMENT_TARGET = 16.0;
				MARKETING_VERSION = 1.0;
				PRODUCT_BUNDLE_IDENTIFIER = "com.topgrowth.utsavbusa.utsav-busaTests";
				PRODUCT_NAME = "$(TARGET_NAME)";
				SWIFT_EMIT_LOC_STRINGS = NO;
				SWIFT_VERSION = 5.0;
				TARGETED_DEVICE_FAMILY = "1,2";
				TEST_HOST = "$(BUILT_PRODUCTS_DIR)/utsav busa.app/$(BUNDLE_EXECUTABLE_FOLDER_PATH)/utsav busa";
			};
			name = Debug;
		};
		F8C6D0D6291CAB8E00C1CD63 /* Release */ = {
			isa = XCBuildConfiguration;
			buildSettings = {
				ALWAYS_EMBED_SWIFT_STANDARD_LIBRARIES = YES;
				BUNDLE_LOADER = "$(TEST_HOST)";
				CODE_SIGN_STYLE = Automatic;
				CURRENT_PROJECT_VERSION = 1;
				GENERATE_INFOPLIST_FILE = YES;
				IPHONEOS_DEPLOYMENT_TARGET = 16.0;
				MARKETING_VERSION = 1.0;
				PRODUCT_BUNDLE_IDENTIFIER = "com.topgrowth.utsavbusa.utsav-busaTests";
				PRODUCT_NAME = "$(TARGET_NAME)";
				SWIFT_EMIT_LOC_STRINGS = NO;
				SWIFT_VERSION = 5.0;
				TARGETED_DEVICE_FAMILY = "1,2";
				TEST_HOST = "$(BUILT_PRODUCTS_DIR)/utsav busa.app/$(BUNDLE_EXECUTABLE_FOLDER_PATH)/utsav busa";
			};
			name = Release;
		};
		F8C6D0D8291CAB8E00C1CD63 /* Debug */ = {
			isa = XCBuildConfiguration;
			buildSettings = {
				ALWAYS_EMBED_SWIFT_STANDARD_LIBRARIES = YES;
				CODE_SIGN_STYLE = Automatic;
				CURRENT_PROJECT_VERSION = 1;
				GENERATE_INFOPLIST_FILE = YES;
				MARKETING_VERSION = 1.0;
				PRODUCT_BUNDLE_IDENTIFIER = "com.topgrowth.utsavbusa.utsav-busaUITests";
				PRODUCT_NAME = "$(TARGET_NAME)";
				SWIFT_EMIT_LOC_STRINGS = NO;
				SWIFT_VERSION = 5.0;
				TARGETED_DEVICE_FAMILY = "1,2";
				TEST_TARGET_NAME = "utsav busa";
			};
			name = Debug;
		};
		F8C6D0D9291CAB8E00C1CD63 /* Release */ = {
			isa = XCBuildConfiguration;
			buildSettings = {
				ALWAYS_EMBED_SWIFT_STANDARD_LIBRARIES = YES;
				CODE_SIGN_STYLE = Automatic;
				CURRENT_PROJECT_VERSION = 1;
				GENERATE_INFOPLIST_FILE = YES;
				MARKETING_VERSION = 1.0;
				PRODUCT_BUNDLE_IDENTIFIER = "com.topgrowth.utsavbusa.utsav-busaUITests";
				PRODUCT_NAME = "$(TARGET_NAME)";
				SWIFT_EMIT_LOC_STRINGS = NO;
				SWIFT_VERSION = 5.0;
				TARGETED_DEVICE_FAMILY = "1,2";
				TEST_TARGET_NAME = "utsav busa";
			};
			name = Release;
		};
/* End XCBuildConfiguration section */

/* Begin XCConfigurationList section */
		F8C6D0A2291CAB8B00C1CD63 /* Build configuration list for PBXProject "utsav busa" */ = {
			isa = XCConfigurationList;
			buildConfigurations = (
				F8C6D0CF291CAB8E00C1CD63 /* Debug */,
				F8C6D0D0291CAB8E00C1CD63 /* Release */,
			);
			defaultConfigurationIsVisible = 0;
			defaultConfigurationName = Release;
		};
		F8C6D0D1291CAB8E00C1CD63 /* Build configuration list for PBXNativeTarget "utsav busa" */ = {
			isa = XCConfigurationList;
			buildConfigurations = (
				F8C6D0D2291CAB8E00C1CD63 /* Debug */,
				F8C6D0D3291CAB8E00C1CD63 /* Release */,
			);
			defaultConfigurationIsVisible = 0;
			defaultConfigurationName = Release;
		};
		F8C6D0D4291CAB8E00C1CD63 /* Build configuration list for PBXNativeTarget "utsav busaTests" */ = {
			isa = XCConfigurationList;
			buildConfigurations = (
				F8C6D0D5291CAB8E00C1CD63 /* Debug */,
				F8C6D0D6291CAB8E00C1CD63 /* Release */,
			);
			defaultConfigurationIsVisible = 0;
			defaultConfigurationName = Release;
		};
		F8C6D0D7291CAB8E00C1CD63 /* Build configuration list for PBXNativeTarget "utsav busaUITests" */ = {
			isa = XCConfigurationList;
			buildConfigurations = (
				F8C6D0D8291CAB8E00C1CD63 /* Debug */,
				F8C6D0D9291CAB8E00C1CD63 /* Release */,
			);
			defaultConfigurationIsVisible = 0;
			defaultConfigurationName = Release;
		};
/* End XCConfigurationList section */
	};
	rootObject = F8C6D09F291CAB8B00C1CD63 /* Project object */;
}
